// !$*UTF8*$!
{
	archiveVersion = 1;
	classes = {
	};
	objectVersion = 46;
	objects = {

/* Begin PBXBuildFile section */
		7B0D31841F3ADC7B00D3931A /* CustomPasswordTextFieldUITests.swift in Sources */ = {isa = PBXBuildFile; fileRef = 7B0D31831F3ADC7B00D3931A /* CustomPasswordTextFieldUITests.swift */; };
		7B18DA881F3790BA003F99A3 /* AppDelegate.swift in Sources */ = {isa = PBXBuildFile; fileRef = 7B18DA871F3790BA003F99A3 /* AppDelegate.swift */; };
		7B18DA8A1F3790BA003F99A3 /* ViewController.swift in Sources */ = {isa = PBXBuildFile; fileRef = 7B18DA891F3790BA003F99A3 /* ViewController.swift */; };
		7B18DA8D1F3790BA003F99A3 /* Main.storyboard in Resources */ = {isa = PBXBuildFile; fileRef = 7B18DA8B1F3790BA003F99A3 /* Main.storyboard */; };
		7B18DA8F1F3790BB003F99A3 /* Assets.xcassets in Resources */ = {isa = PBXBuildFile; fileRef = 7B18DA8E1F3790BB003F99A3 /* Assets.xcassets */; };
		7B18DA921F3790BB003F99A3 /* LaunchScreen.storyboard in Resources */ = {isa = PBXBuildFile; fileRef = 7B18DA901F3790BB003F99A3 /* LaunchScreen.storyboard */; };
		7B18DA9A1F3790EC003F99A3 /* CustomPasswordTextField.swift in Sources */ = {isa = PBXBuildFile; fileRef = 7B18DA991F3790EC003F99A3 /* CustomPasswordTextField.swift */; };
/* End PBXBuildFile section */

/* Begin PBXContainerItemProxy section */
		7B0D31861F3ADC7C00D3931A /* PBXContainerItemProxy */ = {
			isa = PBXContainerItemProxy;
			containerPortal = 7B18DA7C1F3790B9003F99A3 /* Project object */;
			proxyType = 1;
			remoteGlobalIDString = 7B18DA831F3790BA003F99A3;
			remoteInfo = CustomPasswordTextField;
		};
/* End PBXContainerItemProxy section */

/* Begin PBXFileReference section */
		7B0D31811F3ADC7B00D3931A /* CustomPasswordTextFieldUITests.xctest */ = {isa = PBXFileReference; explicitFileType = wrapper.cfbundle; includeInIndex = 0; path = CustomPasswordTextFieldUITests.xctest; sourceTree = BUILT_PRODUCTS_DIR; };
		7B0D31831F3ADC7B00D3931A /* CustomPasswordTextFieldUITests.swift */ = {isa = PBXFileReference; lastKnownFileType = sourcecode.swift; path = CustomPasswordTextFieldUITests.swift; sourceTree = "<group>"; };
		7B0D31851F3ADC7C00D3931A /* Info.plist */ = {isa = PBXFileReference; lastKnownFileType = text.plist.xml; path = Info.plist; sourceTree = "<group>"; };
		7B18DA841F3790BA003F99A3 /* CustomPasswordTextField.app */ = {isa = PBXFileReference; explicitFileType = wrapper.application; includeInIndex = 0; path = CustomPasswordTextField.app; sourceTree = BUILT_PRODUCTS_DIR; };
		7B18DA871F3790BA003F99A3 /* AppDelegate.swift */ = {isa = PBXFileReference; lastKnownFileType = sourcecode.swift; path = AppDelegate.swift; sourceTree = "<group>"; };
		7B18DA891F3790BA003F99A3 /* ViewController.swift */ = {isa = PBXFileReference; lastKnownFileType = sourcecode.swift; path = ViewController.swift; sourceTree = "<group>"; };
		7B18DA8C1F3790BA003F99A3 /* Base */ = {isa = PBXFileReference; lastKnownFileType = file.storyboard; name = Base; path = Base.lproj/Main.storyboard; sourceTree = "<group>"; };
		7B18DA8E1F3790BB003F99A3 /* Assets.xcassets */ = {isa = PBXFileReference; lastKnownFileType = folder.assetcatalog; path = Assets.xcassets; sourceTree = "<group>"; };
		7B18DA911F3790BB003F99A3 /* Base */ = {isa = PBXFileReference; lastKnownFileType = file.storyboard; name = Base; path = Base.lproj/LaunchScreen.storyboard; sourceTree = "<group>"; };
		7B18DA931F3790BC003F99A3 /* Info.plist */ = {isa = PBXFileReference; lastKnownFileType = text.plist.xml; path = Info.plist; sourceTree = "<group>"; };
		7B18DA991F3790EC003F99A3 /* CustomPasswordTextField.swift */ = {isa = PBXFileReference; fileEncoding = 4; lastKnownFileType = sourcecode.swift; path = CustomPasswordTextField.swift; sourceTree = "<group>"; };
/* End PBXFileReference section */

/* Begin PBXFrameworksBuildPhase section */
		7B0D317E1F3ADC7B00D3931A /* Frameworks */ = {
			isa = PBXFrameworksBuildPhase;
			buildActionMask = 2147483647;
			files = (
			);
			runOnlyForDeploymentPostprocessing = 0;
		};
		7B18DA811F3790BA003F99A3 /* Frameworks */ = {
			isa = PBXFrameworksBuildPhase;
			buildActionMask = 2147483647;
			files = (
			);
			runOnlyForDeploymentPostprocessing = 0;
		};
/* End PBXFrameworksBuildPhase section */

/* Begin PBXGroup section */
		7B0B32311F3BC3AE0043D2E7 /* View */ = {
			isa = PBXGroup;
			children = (
				7B0B32321F3BC3B80043D2E7 /* CustomTextField */,
			);
			name = View;
			sourceTree = "<group>";
		};
		7B0B32321F3BC3B80043D2E7 /* CustomTextField */ = {
			isa = PBXGroup;
			children = (
				7B18DA991F3790EC003F99A3 /* CustomPasswordTextField.swift */,
			);
			name = CustomTextField;
			sourceTree = "<group>";
		};
		7B0D31821F3ADC7B00D3931A /* CustomPasswordTextFieldUITests */ = {
			isa = PBXGroup;
			children = (
				7B0D31831F3ADC7B00D3931A /* CustomPasswordTextFieldUITests.swift */,
				7B0D31851F3ADC7C00D3931A /* Info.plist */,
			);
			path = CustomPasswordTextFieldUITests;
			sourceTree = "<group>";
		};
		7B18DA7B1F3790B9003F99A3 = {
			isa = PBXGroup;
			children = (
				7B18DA861F3790BA003F99A3 /* CustomPasswordTextField */,
				7B0D31821F3ADC7B00D3931A /* CustomPasswordTextFieldUITests */,
				7B18DA851F3790BA003F99A3 /* Products */,
			);
			sourceTree = "<group>";
		};
		7B18DA851F3790BA003F99A3 /* Products */ = {
			isa = PBXGroup;
			children = (
				7B18DA841F3790BA003F99A3 /* CustomPasswordTextField.app */,
				7B0D31811F3ADC7B00D3931A /* CustomPasswordTextFieldUITests.xctest */,
			);
			name = Products;
			sourceTree = "<group>";
		};
		7B18DA861F3790BA003F99A3 /* CustomPasswordTextField */ = {
			isa = PBXGroup;
			children = (
				7B0B32311F3BC3AE0043D2E7 /* View */,
				7B18DA871F3790BA003F99A3 /* AppDelegate.swift */,
				7B18DA891F3790BA003F99A3 /* ViewController.swift */,
				7B18DA8B1F3790BA003F99A3 /* Main.storyboard */,
				7B18DA8E1F3790BB003F99A3 /* Assets.xcassets */,
				7B18DA901F3790BB003F99A3 /* LaunchScreen.storyboard */,
				7B18DA931F3790BC003F99A3 /* Info.plist */,
			);
			path = CustomPasswordTextField;
			sourceTree = "<group>";
		};
/* End PBXGroup section */

/* Begin PBXNativeTarget section */
		7B0D31801F3ADC7B00D3931A /* CustomPasswordTextFieldUITests */ = {
			isa = PBXNativeTarget;
			buildConfigurationList = 7B0D318A1F3ADC7C00D3931A /* Build configuration list for PBXNativeTarget "CustomPasswordTextFieldUITests" */;
			buildPhases = (
				7B0D317D1F3ADC7B00D3931A /* Sources */,
				7B0D317E1F3ADC7B00D3931A /* Frameworks */,
				7B0D317F1F3ADC7B00D3931A /* Resources */,
			);
			buildRules = (
			);
			dependencies = (
				7B0D31871F3ADC7C00D3931A /* PBXTargetDependency */,
			);
			name = CustomPasswordTextFieldUITests;
			productName = CustomPasswordTextFieldUITests;
			productReference = 7B0D31811F3ADC7B00D3931A /* CustomPasswordTextFieldUITests.xctest */;
			productType = "com.apple.product-type.bundle.ui-testing";
		};
		7B18DA831F3790BA003F99A3 /* CustomPasswordTextField */ = {
			isa = PBXNativeTarget;
			buildConfigurationList = 7B18DA961F3790BC003F99A3 /* Build configuration list for PBXNativeTarget "CustomPasswordTextField" */;
			buildPhases = (
				7B18DA801F3790BA003F99A3 /* Sources */,
				7B18DA811F3790BA003F99A3 /* Frameworks */,
				7B18DA821F3790BA003F99A3 /* Resources */,
			);
			buildRules = (
			);
			dependencies = (
			);
			name = CustomPasswordTextField;
			productName = CustomPasswordTextField;
			productReference = 7B18DA841F3790BA003F99A3 /* CustomPasswordTextField.app */;
			productType = "com.apple.product-type.application";
		};
/* End PBXNativeTarget section */

/* Begin PBXProject section */
		7B18DA7C1F3790B9003F99A3 /* Project object */ = {
			isa = PBXProject;
			attributes = {
				LastSwiftUpdateCheck = 0830;
				LastUpgradeCheck = 0820;
				ORGANIZATIONNAME = "Aaqib Hussain";
				TargetAttributes = {
					7B0D31801F3ADC7B00D3931A = {
						CreatedOnToolsVersion = 8.3.2;
						ProvisioningStyle = Automatic;
						TestTargetID = 7B18DA831F3790BA003F99A3;
					};
					7B18DA831F3790BA003F99A3 = {
						CreatedOnToolsVersion = 8.2.1;
						ProvisioningStyle = Automatic;
					};
				};
			};
			buildConfigurationList = 7B18DA7F1F3790B9003F99A3 /* Build configuration list for PBXProject "CustomPasswordTextField" */;
			compatibilityVersion = "Xcode 3.2";
			developmentRegion = English;
			hasScannedForEncodings = 0;
			knownRegions = (
				en,
				Base,
			);
			mainGroup = 7B18DA7B1F3790B9003F99A3;
			productRefGroup = 7B18DA851F3790BA003F99A3 /* Products */;
			projectDirPath = "";
			projectRoot = "";
			targets = (
				7B18DA831F3790BA003F99A3 /* CustomPasswordTextField */,
				7B0D31801F3ADC7B00D3931A /* CustomPasswordTextFieldUITests */,
			);
		};
/* End PBXProject section */

/* Begin PBXResourcesBuildPhase section */
		7B0D317F1F3ADC7B00D3931A /* Resources */ = {
			isa = PBXResourcesBuildPhase;
			buildActionMask = 2147483647;
			files = (
			);
			runOnlyForDeploymentPostprocessing = 0;
		};
		7B18DA821F3790BA003F99A3 /* Resources */ = {
			isa = PBXResourcesBuildPhase;
			buildActionMask = 2147483647;
			files = (
				7B18DA921F3790BB003F99A3 /* LaunchScreen.storyboard in Resources */,
				7B18DA8F1F3790BB003F99A3 /* Assets.xcassets in Resources */,
				7B18DA8D1F3790BA003F99A3 /* Main.storyboard in Resources */,
			);
			runOnlyForDeploymentPostprocessing = 0;
		};
/* End PBXResourcesBuildPhase section */

/* Begin PBXSourcesBuildPhase section */
		7B0D317D1F3ADC7B00D3931A /* Sources */ = {
			isa = PBXSourcesBuildPhase;
			buildActionMask = 2147483647;
			files = (
				7B0D31841F3ADC7B00D3931A /* CustomPasswordTextFieldUITests.swift in Sources */,
			);
			runOnlyForDeploymentPostprocessing = 0;
		};
		7B18DA801F3790BA003F99A3 /* Sources */ = {
			isa = PBXSourcesBuildPhase;
			buildActionMask = 2147483647;
			files = (
				7B18DA8A1F3790BA003F99A3 /* ViewController.swift in Sources */,
				7B18DA881F3790BA003F99A3 /* AppDelegate.swift in Sources */,
				7B18DA9A1F3790EC003F99A3 /* CustomPasswordTextField.swift in Sources */,
			);
			runOnlyForDeploymentPostprocessing = 0;
		};
/* End PBXSourcesBuildPhase section */

/* Begin PBXTargetDependency section */
		7B0D31871F3ADC7C00D3931A /* PBXTargetDependency */ = {
			isa = PBXTargetDependency;
			target = 7B18DA831F3790BA003F99A3 /* CustomPasswordTextField */;
			targetProxy = 7B0D31861F3ADC7C00D3931A /* PBXContainerItemProxy */;
		};
/* End PBXTargetDependency section */

/* Begin PBXVariantGroup section */
		7B18DA8B1F3790BA003F99A3 /* Main.storyboard */ = {
			isa = PBXVariantGroup;
			children = (
				7B18DA8C1F3790BA003F99A3 /* Base */,
			);
			name = Main.storyboard;
			sourceTree = "<group>";
		};
		7B18DA901F3790BB003F99A3 /* LaunchScreen.storyboard */ = {
			isa = PBXVariantGroup;
			children = (
				7B18DA911F3790BB003F99A3 /* Base */,
			);
			name = LaunchScreen.storyboard;
			sourceTree = "<group>";
		};
/* End PBXVariantGroup section */

/* Begin XCBuildConfiguration section */
		7B0D31881F3ADC7C00D3931A /* Debug */ = {
			isa = XCBuildConfiguration;
			buildSettings = {
				CLANG_ANALYZER_NUMBER_OBJECT_CONVERSION = YES_AGGRESSIVE;
				INFOPLIST_FILE = CustomPasswordTextFieldUITests/Info.plist;
				IPHONEOS_DEPLOYMENT_TARGET = 10.3;
				LD_RUNPATH_SEARCH_PATHS = "$(inherited) @executable_path/Frameworks @loader_path/Frameworks";
				PRODUCT_BUNDLE_IDENTIFIER = app.KodeSnippets.CustomPasswordTextFieldUITests;
				PRODUCT_NAME = "$(TARGET_NAME)";
				SWIFT_VERSION = 3.0;
				TEST_TARGET_NAME = CustomPasswordTextField;
			};
			name = Debug;
		};
		7B0D31891F3ADC7C00D3931A /* Release */ = {
			isa = XCBuildConfiguration;
			buildSettings = {
				CLANG_ANALYZER_NUMBER_OBJECT_CONVERSION = YES_AGGRESSIVE;
				INFOPLIST_FILE = CustomPasswordTextFieldUITests/Info.plist;
				IPHONEOS_DEPLOYMENT_TARGET = 10.3;
				LD_RUNPATH_SEARCH_PATHS = "$(inherited) @executable_path/Frameworks @loader_path/Frameworks";
				PRODUCT_BUNDLE_IDENTIFIER = app.KodeSnippets.CustomPasswordTextFieldUITests;
				PRODUCT_NAME = "$(TARGET_NAME)";
				SWIFT_VERSION = 3.0;
				TEST_TARGET_NAME = CustomPasswordTextField;
			};
			name = Release;
		};
		7B18DA941F3790BC003F99A3 /* Debug */ = {
			isa = XCBuildConfiguration;
			buildSettings = {
				ALWAYS_SEARCH_USER_PATHS = NO;
				CLANG_ANALYZER_NONNULL = YES;
				CLANG_CXX_LANGUAGE_STANDARD = "gnu++0x";
				CLANG_CXX_LIBRARY = "libc++";
				CLANG_ENABLE_MODULES = YES;
				CLANG_ENABLE_OBJC_ARC = YES;
				CLANG_WARN_BOOL_CONVERSION = YES;
				CLANG_WARN_CONSTANT_CONVERSION = YES;
				CLANG_WARN_DIRECT_OBJC_ISA_USAGE = YES_ERROR;
				CLANG_WARN_DOCUMENTATION_COMMENTS = YES;
				CLANG_WARN_EMPTY_BODY = YES;
				CLANG_WARN_ENUM_CONVERSION = YES;
				CLANG_WARN_INFINITE_RECURSION = YES;
				CLANG_WARN_INT_CONVERSION = YES;
				CLANG_WARN_OBJC_ROOT_CLASS = YES_ERROR;
				CLANG_WARN_SUSPICIOUS_MOVE = YES;
				CLANG_WARN_UNREACHABLE_CODE = YES;
				CLANG_WARN__DUPLICATE_METHOD_MATCH = YES;
				"CODE_SIGN_IDENTITY[sdk=iphoneos*]" = "iPhone Developer";
				COPY_PHASE_STRIP = NO;
				DEBUG_INFORMATION_FORMAT = dwarf;
				ENABLE_STRICT_OBJC_MSGSEND = YES;
				ENABLE_TESTABILITY = YES;
				GCC_C_LANGUAGE_STANDARD = gnu99;
				GCC_DYNAMIC_NO_PIC = NO;
				GCC_NO_COMMON_BLOCKS = YES;
				GCC_OPTIMIZATION_LEVEL = 0;
				GCC_PREPROCESSOR_DEFINITIONS = (
					"DEBUG=1",
					"$(inherited)",
				);
				GCC_WARN_64_TO_32_BIT_CONVERSION = YES;
				GCC_WARN_ABOUT_RETURN_TYPE = YES_ERROR;
				GCC_WARN_UNDECLARED_SELECTOR = YES;
				GCC_WARN_UNINITIALIZED_AUTOS = YES_AGGRESSIVE;
				GCC_WARN_UNUSED_FUNCTION = YES;
				GCC_WARN_UNUSED_VARIABLE = YES;
				IPHONEOS_DEPLOYMENT_TARGET = 10.2;
				MTL_ENABLE_DEBUG_INFO = YES;
				ONLY_ACTIVE_ARCH = YES;
				SDKROOT = iphoneos;
				SWIFT_ACTIVE_COMPILATION_CONDITIONS = DEBUG;
				SWIFT_OPTIMIZATION_LEVEL = "-Onone";
			};
			name = Debug;
		};
		7B18DA951F3790BC003F99A3 /* Release */ = {
			isa = XCBuildConfiguration;
			buildSettings = {
				ALWAYS_SEARCH_USER_PATHS = NO;
				CLANG_ANALYZER_NONNULL = YES;
				CLANG_CXX_LANGUAGE_STANDARD = "gnu++0x";
				CLANG_CXX_LIBRARY = "libc++";
				CLANG_ENABLE_MODULES = YES;
				CLANG_ENABLE_OBJC_ARC = YES;
				CLANG_WARN_BOOL_CONVERSION = YES;
				CLANG_WARN_CONSTANT_CONVERSION = YES;
				CLANG_WARN_DIRECT_OBJC_ISA_USAGE = YES_ERROR;
				CLANG_WARN_DOCUMENTATION_COMMENTS = YES;
				CLANG_WARN_EMPTY_BODY = YES;
				CLANG_WARN_ENUM_CONVERSION = YES;
				CLANG_WARN_INFINITE_RECURSION = YES;
				CLANG_WARN_INT_CONVERSION = YES;
				CLANG_WARN_OBJC_ROOT_CLASS = YES_ERROR;
				CLANG_WARN_SUSPICIOUS_MOVE = YES;
				CLANG_WARN_UNREACHABLE_CODE = YES;
				CLANG_WARN__DUPLICATE_METHOD_MATCH = YES;
				"CODE_SIGN_IDENTITY[sdk=iphoneos*]" = "iPhone Developer";
				COPY_PHASE_STRIP = NO;
				DEBUG_INFORMATION_FORMAT = "dwarf-with-dsym";
				ENABLE_NS_ASSERTIONS = NO;
				ENABLE_STRICT_OBJC_MSGSEND = YES;
				GCC_C_LANGUAGE_STANDARD = gnu99;
				GCC_NO_COMMON_BLOCKS = YES;
				GCC_WARN_64_TO_32_BIT_CONVERSION = YES;
				GCC_WARN_ABOUT_RETURN_TYPE = YES_ERROR;
				GCC_WARN_UNDECLARED_SELECTOR = YES;
				GCC_WARN_UNINITIALIZED_AUTOS = YES_AGGRESSIVE;
				GCC_WARN_UNUSED_FUNCTION = YES;
				GCC_WARN_UNUSED_VARIABLE = YES;
				IPHONEOS_DEPLOYMENT_TARGET = 10.2;
				MTL_ENABLE_DEBUG_INFO = NO;
				SDKROOT = iphoneos;
				SWIFT_OPTIMIZATION_LEVEL = "-Owholemodule";
				VALIDATE_PRODUCT = YES;
			};
			name = Release;
		};
		7B18DA971F3790BC003F99A3 /* Debug */ = {
			isa = XCBuildConfiguration;
			buildSettings = {
				ASSETCATALOG_COMPILER_APPICON_NAME = AppIcon;
				INFOPLIST_FILE = CustomPasswordTextField/Info.plist;
				LD_RUNPATH_SEARCH_PATHS = "$(inherited) @executable_path/Frameworks";
				PRODUCT_BUNDLE_IDENTIFIER = app.KodeSnippets.CustomPasswordTextField;
				PRODUCT_NAME = "$(TARGET_NAME)";
				SWIFT_VERSION = 3.0;
			};
			name = Debug;
		};
		7B18DA981F3790BC003F99A3 /* Release */ = {
			isa = XCBuildConfiguration;
			buildSettings = {
				ASSETCATALOG_COMPILER_APPICON_NAME = AppIcon;
				INFOPLIST_FILE = CustomPasswordTextField/Info.plist;
				LD_RUNPATH_SEARCH_PATHS = "$(inherited) @executable_path/Frameworks";
				PRODUCT_BUNDLE_IDENTIFIER = app.KodeSnippets.CustomPasswordTextField;
				PRODUCT_NAME = "$(TARGET_NAME)";
				SWIFT_VERSION = 3.0;
			};
			name = Release;
		};
/* End XCBuildConfiguration section */

/* Begin XCConfigurationList section */
		7B0D318A1F3ADC7C00D3931A /* Build configuration list for PBXNativeTarget "CustomPasswordTextFieldUITests" */ = {
			isa = XCConfigurationList;
			buildConfigurations = (
				7B0D31881F3ADC7C00D3931A /* Debug */,
				7B0D31891F3ADC7C00D3931A /* Release */,
			);
			defaultConfigurationIsVisible = 0;
			defaultConfigurationName = Release;
		};
		7B18DA7F1F3790B9003F99A3 /* Build configuration list for PBXProject "CustomPasswordTextField" */ = {
			isa = XCConfigurationList;
			buildConfigurations = (
				7B18DA941F3790BC003F99A3 /* Debug */,
				7B18DA951F3790BC003F99A3 /* Release */,
			);
			defaultConfigurationIsVisible = 0;
			defaultConfigurationName = Release;
		};
		7B18DA961F3790BC003F99A3 /* Build configuration list for PBXNativeTarget "CustomPasswordTextField" */ = {
			isa = XCConfigurationList;
			buildConfigurations = (
				7B18DA971F3790BC003F99A3 /* Debug */,
				7B18DA981F3790BC003F99A3 /* Release */,
			);
			defaultConfigurationIsVisible = 0;
			defaultConfigurationName = Release;
		};
/* End XCConfigurationList section */
	};
	rootObject = 7B18DA7C1F3790B9003F99A3 /* Project object */;
}
